
Microsoft Visual Studio Solution File, Format Version 12.00
# Visual Studio 15
Project("{FAE04EC0-301F-11D3-BF4B-00C04F79EFBC}") = "smartGuia.Android", "smartGuia.Android\smartGuia.Android.csproj", "{ED3D5CB3-96CD-4156-8D78-144E81C26F47}"
EndProject
Project("{FAE04EC0-301F-11D3-BF4B-00C04F79EFBC}") = "smartGuia.iOS", "smartGuia.iOS\smartGuia.iOS.csproj", "{A2D25A5C-E8AB-4E6C-8BDA-4DA215D9496D}"
EndProject
Project("{FAE04EC0-301F-11D3-BF4B-00C04F79EFBC}") = "smartGuia", "smartGuia\smartGuia.csproj", "{28C581D4-9B9D-4402-B332-FA23F0D1E587}"
EndProject
Global
	GlobalSection(SolutionConfigurationPlatforms) = preSolution
		Debug|Any CPU = Debug|Any CPU
		Release|Any CPU = Release|Any CPU
		Debug|iPhoneSimulator = Debug|iPhoneSimulator
		Release|iPhoneSimulator = Release|iPhoneSimulator
		Debug|iPhone = Debug|iPhone
		Release|iPhone = Release|iPhone
	EndGlobalSection
	GlobalSection(ProjectConfigurationPlatforms) = postSolution
		{ED3D5CB3-96CD-4156-8D78-144E81C26F47}.Debug|Any CPU.ActiveCfg = Debug|Any CPU
		{ED3D5CB3-96CD-4156-8D78-144E81C26F47}.Debug|Any CPU.Build.0 = Debug|Any CPU
		{ED3D5CB3-96CD-4156-8D78-144E81C26F47}.Release|Any CPU.ActiveCfg = Release|Any CPU
		{ED3D5CB3-96CD-4156-8D78-144E81C26F47}.Release|Any CPU.Build.0 = Release|Any CPU
		{ED3D5CB3-96CD-4156-8D78-144E81C26F47}.Debug|iPhoneSimulator.ActiveCfg = Debug|Any CPU
		{ED3D5CB3-96CD-4156-8D78-144E81C26F47}.Debug|iPhoneSimulator.Build.0 = Debug|Any CPU
		{ED3D5CB3-96CD-4156-8D78-144E81C26F47}.Release|iPhoneSimulator.ActiveCfg = Release|Any CPU
		{ED3D5CB3-96CD-4156-8D78-144E81C26F47}.Release|iPhoneSimulator.Build.0 = Release|Any CPU
		{ED3D5CB3-96CD-4156-8D78-144E81C26F47}.Debug|iPhone.ActiveCfg = Debug|Any CPU
		{ED3D5CB3-96CD-4156-8D78-144E81C26F47}.Debug|iPhone.Build.0 = Debug|Any CPU
		{ED3D5CB3-96CD-4156-8D78-144E81C26F47}.Release|iPhone.ActiveCfg = Release|Any CPU
		{ED3D5CB3-96CD-4156-8D78-144E81C26F47}.Release|iPhone.Build.0 = Release|Any CPU
		{A2D25A5C-E8AB-4E6C-8BDA-4DA215D9496D}.Debug|Any CPU.ActiveCfg = Debug|iPhoneSimulator
		{A2D25A5C-E8AB-4E6C-8BDA-4DA215D9496D}.Debug|Any CPU.Build.0 = Debug|iPhoneSimulator
		{A2D25A5C-E8AB-4E6C-8BDA-4DA215D9496D}.Release|Any CPU.ActiveCfg = Release|iPhoneSimulator
		{A2D25A5C-E8AB-4E6C-8BDA-4DA215D9496D}.Release|Any CPU.Build.0 = Release|iPhoneSimulator
		{A2D25A5C-E8AB-4E6C-8BDA-4DA215D9496D}.Debug|iPhoneSimulator.ActiveCfg = Debug|iPhoneSimulator
		{A2D25A5C-E8AB-4E6C-8BDA-4DA215D9496D}.Debug|iPhoneSimulator.Build.0 = Debug|iPhoneSimulator
		{A2D25A5C-E8AB-4E6C-8BDA-4DA215D9496D}.Release|iPhoneSimulator.ActiveCfg = Release|iPhoneSimulator
		{A2D25A5C-E8AB-4E6C-8BDA-4DA215D9496D}.Release|iPhoneSimulator.Build.0 = Release|iPhoneSimulator
		{A2D25A5C-E8AB-4E6C-8BDA-4DA215D9496D}.Debug|iPhone.ActiveCfg = Debug|iPhone
		{A2D25A5C-E8AB-4E6C-8BDA-4DA215D9496D}.Debug|iPhone.Build.0 = Debug|iPhone
		{A2D25A5C-E8AB-4E6C-8BDA-4DA215D9496D}.Release|iPhone.ActiveCfg = Release|iPhone
		{A2D25A5C-E8AB-4E6C-8BDA-4DA215D9496D}.Release|iPhone.Build.0 = Release|iPhone
		{28C581D4-9B9D-4402-B332-FA23F0D1E587}.Debug|Any CPU.ActiveCfg = Debug|Any CPU
		{28C581D4-9B9D-4402-B332-FA23F0D1E587}.Debug|Any CPU.Build.0 = Debug|Any CPU
		{28C581D4-9B9D-4402-B332-FA23F0D1E587}.Release|Any CPU.ActiveCfg = Release|Any CPU
		{28C581D4-9B9D-4402-B332-FA23F0D1E587}.Release|Any CPU.Build.0 = Release|Any CPU
		{28C581D4-9B9D-4402-B332-FA23F0D1E587}.Debug|iPhoneSimulator.ActiveCfg = Debug|Any CPU
		{28C581D4-9B9D-4402-B332-FA23F0D1E587}.Debug|iPhoneSimulator.Build.0 = Debug|Any CPU
		{28C581D4-9B9D-4402-B332-FA23F0D1E587}.Release|iPhoneSimulator.ActiveCfg = Release|Any CPU
		{28C581D4-9B9D-4402-B332-FA23F0D1E587}.Release|iPhoneSimulator.Build.0 = Release|Any CPU
		{28C581D4-9B9D-4402-B332-FA23F0D1E587}.Debug|iPhone.ActiveCfg = Debug|Any CPU
		{28C581D4-9B9D-4402-B332-FA23F0D1E587}.Debug|iPhone.Build.0 = Debug|Any CPU
		{28C581D4-9B9D-4402-B332-FA23F0D1E587}.Release|iPhone.ActiveCfg = Release|Any CPU
		{28C581D4-9B9D-4402-B332-FA23F0D1E587}.Release|iPhone.Build.0 = Release|Any CPU
	EndGlobalSection
EndGlobal
